
Microsoft Visual Studio Solution File, Format Version 12.00
# Visual Studio Version 16
VisualStudioVersion = 16.0.29613.14
MinimumVisualStudioVersion = 10.0.40219.1
Project("{FAE04EC0-301F-11D3-BF4B-00C04F79EFBC}") = "Calculator", "Calculator\Calculator.csproj", "{5FB6B727-171C-46A8-A042-D2C0C287028D}"
EndProject
Global
	GlobalSection(SolutionConfigurationPlatforms) = preSolution
		Debug|Any CPU = Debug|Any CPU
		Release|Any CPU = Release|Any CPU
	EndGlobalSection
	GlobalSection(ProjectConfigurationPlatforms) = postSolution
		{5FB6B727-171C-46A8-A042-D2C0C287028D}.Debug|Any CPU.ActiveCfg = Debug|Any CPU
		{5FB6B727-171C-46A8-A042-D2C0C287028D}.Debug|Any CPU.Build.0 = Debug|Any CPU
		{5FB6B727-171C-46A8-A042-D2C0C287028D}.Release|Any CPU.ActiveCfg = Release|Any CPU
		{5FB6B727-171C-46A8-A042-D2C0C287028D}.Release|Any CPU.Build.0 = Release|Any CPU
	EndGlobalSection
	GlobalSection(SolutionProperties) = preSolution
		HideSolutionNode = FALSE
	EndGlobalSection
	GlobalSection(ExtensibilityGlobals) = postSolution
		SolutionGuid = {2357BFB7-B1B1-4FD6-88E5-40E4C9C7CC8E}
	EndGlobalSection
EndGlobal
